
Microsoft Visual Studio Solution File, Format Version 12.00
# Visual Studio Version 17
VisualStudioVersion = 17.8.34330.188
MinimumVisualStudioVersion = 10.0.40219.1
Project("{FAE04EC0-301F-11D3-BF4B-00C04F79EFBC}") = "Assignement7", "Assignement7\Assignement7.csproj", "{E33F5473-ADBF-42F2-B7BA-9CE8D5064570}"
EndProject
Global
	GlobalSection(SolutionConfigurationPlatforms) = preSolution
		Debug|Any CPU = Debug|Any CPU
		Release|Any CPU = Release|Any CPU
	EndGlobalSection
	GlobalSection(ProjectConfigurationPlatforms) = postSolution
		{E33F5473-ADBF-42F2-B7BA-9CE8D5064570}.Debug|Any CPU.ActiveCfg = Debug|Any CPU
		{E33F5473-ADBF-42F2-B7BA-9CE8D5064570}.Debug|Any CPU.Build.0 = Debug|Any CPU
		{E33F5473-ADBF-42F2-B7BA-9CE8D5064570}.Release|Any CPU.ActiveCfg = Release|Any CPU
		{E33F5473-ADBF-42F2-B7BA-9CE8D5064570}.Release|Any CPU.Build.0 = Release|Any CPU
	EndGlobalSection
	GlobalSection(SolutionProperties) = preSolution
		HideSolutionNode = FALSE
	EndGlobalSection
	GlobalSection(ExtensibilityGlobals) = postSolution
		SolutionGuid = {F8001654-DB49-4AFC-A11E-1173E1B9BB35}
	EndGlobalSection
EndGlobal
