
Microsoft Visual Studio Solution File, Format Version 12.00
# Visual Studio Version 17
VisualStudioVersion = 17.8.34330.188
MinimumVisualStudioVersion = 10.0.40219.1
Project("{FAE04EC0-301F-11D3-BF4B-00C04F79EFBC}") = "Assignment12", "Assignment12\Assignment12.csproj", "{8EF65B1E-9A65-4C28-98EC-98C799AA70C2}"
EndProject
Global
	GlobalSection(SolutionConfigurationPlatforms) = preSolution
		Debug|Any CPU = Debug|Any CPU
		Release|Any CPU = Release|Any CPU
	EndGlobalSection
	GlobalSection(ProjectConfigurationPlatforms) = postSolution
		{8EF65B1E-9A65-4C28-98EC-98C799AA70C2}.Debug|Any CPU.ActiveCfg = Debug|Any CPU
		{8EF65B1E-9A65-4C28-98EC-98C799AA70C2}.Debug|Any CPU.Build.0 = Debug|Any CPU
		{8EF65B1E-9A65-4C28-98EC-98C799AA70C2}.Release|Any CPU.ActiveCfg = Release|Any CPU
		{8EF65B1E-9A65-4C28-98EC-98C799AA70C2}.Release|Any CPU.Build.0 = Release|Any CPU
	EndGlobalSection
	GlobalSection(SolutionProperties) = preSolution
		HideSolutionNode = FALSE
	EndGlobalSection
	GlobalSection(ExtensibilityGlobals) = postSolution
		SolutionGuid = {B5FAF91E-C351-45D0-B97F-C3EB72D2A268}
	EndGlobalSection
EndGlobal
