
Microsoft Visual Studio Solution File, Format Version 12.00
# Visual Studio Version 17
VisualStudioVersion = 17.8.34330.188
MinimumVisualStudioVersion = 10.0.40219.1
Project("{FAE04EC0-301F-11D3-BF4B-00C04F79EFBC}") = "DisconnectedArchitectureExample", "DisconnectedArchitectureExample\DisconnectedArchitectureExample.csproj", "{042CBBB0-F7F0-4001-8EBC-C1A5CFB7950C}"
EndProject
Global
	GlobalSection(SolutionConfigurationPlatforms) = preSolution
		Debug|Any CPU = Debug|Any CPU
		Release|Any CPU = Release|Any CPU
	EndGlobalSection
	GlobalSection(ProjectConfigurationPlatforms) = postSolution
		{042CBBB0-F7F0-4001-8EBC-C1A5CFB7950C}.Debug|Any CPU.ActiveCfg = Debug|Any CPU
		{042CBBB0-F7F0-4001-8EBC-C1A5CFB7950C}.Debug|Any CPU.Build.0 = Debug|Any CPU
		{042CBBB0-F7F0-4001-8EBC-C1A5CFB7950C}.Release|Any CPU.ActiveCfg = Release|Any CPU
		{042CBBB0-F7F0-4001-8EBC-C1A5CFB7950C}.Release|Any CPU.Build.0 = Release|Any CPU
	EndGlobalSection
	GlobalSection(SolutionProperties) = preSolution
		HideSolutionNode = FALSE
	EndGlobalSection
	GlobalSection(ExtensibilityGlobals) = postSolution
		SolutionGuid = {6AD49ABD-506C-42CE-8025-BA3B13D767CE}
	EndGlobalSection
EndGlobal
